
Microsoft Visual Studio Solution File, Format Version 12.00
# Visual Studio 15
VisualStudioVersion = 15.0.28010.2016
MinimumVisualStudioVersion = 10.0.40219.1
Project("{FAE04EC0-301F-11D3-BF4B-00C04F79EFBC}") = "AirCodeGeneration", "AirCodeGeneration\AirCodeGeneration.csproj", "{77A5F447-BEEF-4233-95A3-624E72AC1BB0}"
EndProject
Project("{2150E333-8FDC-42A3-9474-1A3956D46DE8}") = "01.Basics", "01.Basics", "{5B7BC05A-C4D0-4FBB-83F0-B3500BDF906D}"
EndProject
Project("{2150E333-8FDC-42A3-9474-1A3956D46DE8}") = "03.Common", "03.Common", "{7CC10F6B-B6E1-42C8-BD05-D50DA4342C05}"
EndProject
Project("{FAE04EC0-301F-11D3-BF4B-00C04F79EFBC}") = "Air.CodeGeneration.Common", "Air.CodeGeneration.Common\Air.CodeGeneration.Common.csproj", "{2283403F-C89F-4A7D-9594-9D1103AF61E2}"
EndProject
Project("{FAE04EC0-301F-11D3-BF4B-00C04F79EFBC}") = "Air.T4.Common", "Air.T4.Common\Air.T4.Common.csproj", "{BF55E749-80F9-4D18-B247-9D19DC85F139}"
EndProject
Project("{2150E333-8FDC-42A3-9474-1A3956D46DE8}") = "04.ModelSample", "04.ModelSample", "{7984915F-C506-4077-83B5-46729BD6AB83}"
EndProject
Project("{FAE04EC0-301F-11D3-BF4B-00C04F79EFBC}") = "Air.Code.Generation.Sample", "Air.Code.Generation.Sample\Air.Code.Generation.Sample.csproj", "{9759AA2C-589A-42A8-AECA-5E642A4E67E6}"
EndProject
Project("{FAE04EC0-301F-11D3-BF4B-00C04F79EFBC}") = "Air.Currency.Frame.Library", "Air.Currency.Frame.Library\Air.Currency.Frame.Library.csproj", "{B4C93802-B58C-4D5D-8040-D3160F1D7C98}"
EndProject
Project("{2150E333-8FDC-42A3-9474-1A3956D46DE8}") = "02.Infrastructure", "02.Infrastructure", "{6749B9D3-ED3B-4CF1-B9B0-B56BC54D6881}"
EndProject
Project("{FAE04EC0-301F-11D3-BF4B-00C04F79EFBC}") = "Air.CodeGeneration.Data.Core", "Air.CodeGeneration.Data.Core\Air.CodeGeneration.Data.Core.csproj", "{B4E28E75-683E-449D-9A27-61FA59E1A45D}"
EndProject
Project("{FAE04EC0-301F-11D3-BF4B-00C04F79EFBC}") = "Air.CodeGeneration.Data", "Air.CodeGeneration.Data\Air.CodeGeneration.Data.csproj", "{B852BE3C-C246-4FB8-ADEF-17306C4ECAD0}"
EndProject
Global
	GlobalSection(SolutionConfigurationPlatforms) = preSolution
		Debug|Any CPU = Debug|Any CPU
		Release|Any CPU = Release|Any CPU
	EndGlobalSection
	GlobalSection(ProjectConfigurationPlatforms) = postSolution
		{77A5F447-BEEF-4233-95A3-624E72AC1BB0}.Debug|Any CPU.ActiveCfg = Debug|Any CPU
		{77A5F447-BEEF-4233-95A3-624E72AC1BB0}.Debug|Any CPU.Build.0 = Debug|Any CPU
		{77A5F447-BEEF-4233-95A3-624E72AC1BB0}.Release|Any CPU.ActiveCfg = Release|Any CPU
		{77A5F447-BEEF-4233-95A3-624E72AC1BB0}.Release|Any CPU.Build.0 = Release|Any CPU
		{2283403F-C89F-4A7D-9594-9D1103AF61E2}.Debug|Any CPU.ActiveCfg = Debug|Any CPU
		{2283403F-C89F-4A7D-9594-9D1103AF61E2}.Debug|Any CPU.Build.0 = Debug|Any CPU
		{2283403F-C89F-4A7D-9594-9D1103AF61E2}.Release|Any CPU.ActiveCfg = Release|Any CPU
		{2283403F-C89F-4A7D-9594-9D1103AF61E2}.Release|Any CPU.Build.0 = Release|Any CPU
		{BF55E749-80F9-4D18-B247-9D19DC85F139}.Debug|Any CPU.ActiveCfg = Debug|Any CPU
		{BF55E749-80F9-4D18-B247-9D19DC85F139}.Debug|Any CPU.Build.0 = Debug|Any CPU
		{BF55E749-80F9-4D18-B247-9D19DC85F139}.Release|Any CPU.ActiveCfg = Release|Any CPU
		{BF55E749-80F9-4D18-B247-9D19DC85F139}.Release|Any CPU.Build.0 = Release|Any CPU
		{9759AA2C-589A-42A8-AECA-5E642A4E67E6}.Debug|Any CPU.ActiveCfg = Debug|Any CPU
		{9759AA2C-589A-42A8-AECA-5E642A4E67E6}.Debug|Any CPU.Build.0 = Debug|Any CPU
		{9759AA2C-589A-42A8-AECA-5E642A4E67E6}.Release|Any CPU.ActiveCfg = Release|Any CPU
		{9759AA2C-589A-42A8-AECA-5E642A4E67E6}.Release|Any CPU.Build.0 = Release|Any CPU
		{B4C93802-B58C-4D5D-8040-D3160F1D7C98}.Debug|Any CPU.ActiveCfg = Debug|Any CPU
		{B4C93802-B58C-4D5D-8040-D3160F1D7C98}.Debug|Any CPU.Build.0 = Debug|Any CPU
		{B4C93802-B58C-4D5D-8040-D3160F1D7C98}.Release|Any CPU.ActiveCfg = Release|Any CPU
		{B4C93802-B58C-4D5D-8040-D3160F1D7C98}.Release|Any CPU.Build.0 = Release|Any CPU
		{B4E28E75-683E-449D-9A27-61FA59E1A45D}.Debug|Any CPU.ActiveCfg = Debug|Any CPU
		{B4E28E75-683E-449D-9A27-61FA59E1A45D}.Debug|Any CPU.Build.0 = Debug|Any CPU
		{B4E28E75-683E-449D-9A27-61FA59E1A45D}.Release|Any CPU.ActiveCfg = Release|Any CPU
		{B4E28E75-683E-449D-9A27-61FA59E1A45D}.Release|Any CPU.Build.0 = Release|Any CPU
		{B852BE3C-C246-4FB8-ADEF-17306C4ECAD0}.Debug|Any CPU.ActiveCfg = Debug|Any CPU
		{B852BE3C-C246-4FB8-ADEF-17306C4ECAD0}.Debug|Any CPU.Build.0 = Debug|Any CPU
		{B852BE3C-C246-4FB8-ADEF-17306C4ECAD0}.Release|Any CPU.ActiveCfg = Release|Any CPU
		{B852BE3C-C246-4FB8-ADEF-17306C4ECAD0}.Release|Any CPU.Build.0 = Release|Any CPU
	EndGlobalSection
	GlobalSection(SolutionProperties) = preSolution
		HideSolutionNode = FALSE
	EndGlobalSection
	GlobalSection(NestedProjects) = preSolution
		{2283403F-C89F-4A7D-9594-9D1103AF61E2} = {6749B9D3-ED3B-4CF1-B9B0-B56BC54D6881}
		{BF55E749-80F9-4D18-B247-9D19DC85F139} = {7CC10F6B-B6E1-42C8-BD05-D50DA4342C05}
		{9759AA2C-589A-42A8-AECA-5E642A4E67E6} = {7984915F-C506-4077-83B5-46729BD6AB83}
		{B4C93802-B58C-4D5D-8040-D3160F1D7C98} = {5B7BC05A-C4D0-4FBB-83F0-B3500BDF906D}
		{B4E28E75-683E-449D-9A27-61FA59E1A45D} = {5B7BC05A-C4D0-4FBB-83F0-B3500BDF906D}
		{B852BE3C-C246-4FB8-ADEF-17306C4ECAD0} = {5B7BC05A-C4D0-4FBB-83F0-B3500BDF906D}
	EndGlobalSection
	GlobalSection(ExtensibilityGlobals) = postSolution
		SolutionGuid = {D4118A5A-2427-4A60-8373-7D21DAE0A263}
	EndGlobalSection
EndGlobal
